{
  "lockfile-version": 1,
  "manifest": {
    "version": 1,
    "install": {
      "bun": {
        "pkg-path": "bun"
      },
      "nodejs": {
        "pkg-path": "nodejs"
      }
    },
    "hook": {},
    "profile": {},
    "options": {}
  },
  "packages": [
    {
      "attr_path": "bun",
      "broken": false,
      "derivation": "/nix/store/mbysfz36s235wh4n0fljb9c6wjg62phd-bun-1.3.3.drv",
      "description": "Incredibly fast JavaScript runtime, bundler, transpiler and package manager – all in one",
      "install_id": "bun",
      "license": "[ MIT, LGPL-2.1-only ]",
      "locked_url": "https://github.com/flox/nixpkgs?rev=f61125a668a320878494449750330ca58b78c557",
      "name": "bun-1.3.3",
      "pname": "bun",
      "rev": "f61125a668a320878494449750330ca58b78c557",
      "rev_count": 907002,
      "rev_date": "2025-12-05T15:54:32Z",
      "scrape_date": "2025-12-07T02:54:46.825107Z",
      "stabilities": [
        "unstable"
      ],
      "unfree": false,
      "version": "1.3.3",
      "outputs_to_install": [
        "out"
      ],
      "outputs": {
        "out": "/nix/store/hjza4038gc362x53qszkhs8mmxni9xdw-bun-1.3.3"
      },
      "system": "aarch64-darwin",
      "group": "toplevel",
      "priority": 5
    },
    {
      "attr_path": "bun",
      "broken": false,
      "derivation": "/nix/store/9b010qhlnv99dj6vwnifw68s2cnrykcc-bun-1.3.3.drv",
      "description": "Incredibly fast JavaScript runtime, bundler, transpiler and package manager – all in one",
      "install_id": "bun",
      "license": "[ MIT, LGPL-2.1-only ]",
      "locked_url": "https://github.com/flox/nixpkgs?rev=f61125a668a320878494449750330ca58b78c557",
      "name": "bun-1.3.3",
      "pname": "bun",
      "rev": "f61125a668a320878494449750330ca58b78c557",
      "rev_count": 907002,
      "rev_date": "2025-12-05T15:54:32Z",
      "scrape_date": "2025-12-07T03:04:24.674836Z",
      "stabilities": [
        "unstable"
      ],
      "unfree": false,
      "version": "1.3.3",
      "outputs_to_install": [
        "out"
      ],
      "outputs": {
        "out": "/nix/store/qzxfj3a4iffr06cr7kiq0mmv3xkip3if-bun-1.3.3"
      },
      "system": "aarch64-linux",
      "group": "toplevel",
      "priority": 5
    },
    {
      "attr_path": "bun",
      "broken": false,
      "derivation": "/nix/store/2daxnj4wdjcfg5lls1nbnw5wln3gqvfy-bun-1.3.3.drv",
      "description": "Incredibly fast JavaScript runtime, bundler, transpiler and package manager – all in one",
      "install_id": "bun",
      "license": "[ MIT, LGPL-2.1-only ]",
      "locked_url": "https://github.com/flox/nixpkgs?rev=f61125a668a320878494449750330ca58b78c557",
      "name": "bun-1.3.3",
      "pname": "bun",
      "rev": "f61125a668a320878494449750330ca58b78c557",
      "rev_count": 907002,
      "rev_date": "2025-12-05T15:54:32Z",
      "scrape_date": "2025-12-07T03:14:44.952468Z",
      "stabilities": [
        "unstable"
      ],
      "unfree": false,
      "version": "1.3.3",
      "outputs_to_install": [
        "out"
      ],
      "outputs": {
        "out": "/nix/store/5a04s3sdz8cpn7cvm3yaw56ndsvswq69-bun-1.3.3"
      },
      "system": "x86_64-darwin",
      "group": "toplevel",
      "priority": 5
    },
    {
      "attr_path": "bun",
      "broken": false,
      "derivation": "/nix/store/68yx0km72k7csahk0jwmllnmshpnni5m-bun-1.3.3.drv",
      "description": "Incredibly fast JavaScript runtime, bundler, transpiler and package manager – all in one",
      "install_id": "bun",
      "license": "[ MIT, LGPL-2.1-only ]",
      "locked_url": "https://github.com/flox/nixpkgs?rev=f61125a668a320878494449750330ca58b78c557",
      "name": "bun-1.3.3",
      "pname": "bun",
      "rev": "f61125a668a320878494449750330ca58b78c557",
      "rev_count": 907002,
      "rev_date": "2025-12-05T15:54:32Z",
      "scrape_date": "2025-12-07T03:23:59.151296Z",
      "stabilities": [
        "unstable"
      ],
      "unfree": false,
      "version": "1.3.3",
      "outputs_to_install": [
        "out"
      ],
      "outputs": {
        "out": "/nix/store/s1mc2ixfn25y7c6gg1ghp1v0qg2h34dg-bun-1.3.3"
      },
      "system": "x86_64-linux",
      "group": "toplevel",
      "priority": 5
    },
    {
      "attr_path": "nodejs",
      "broken": false,
      "derivation": "/nix/store/x9g1nm5wwc7bycyw0q9k8fl03brz5yar-nodejs-22.21.1.drv",
      "description": "Event-driven I/O framework for the V8 JavaScript engine",
      "install_id": "nodejs",
      "license": "MIT",
      "locked_url": "https://github.com/flox/nixpkgs?rev=f61125a668a320878494449750330ca58b78c557",
      "name": "nodejs-22.21.1",
      "pname": "nodejs",
      "rev": "f61125a668a320878494449750330ca58b78c557",
      "rev_count": 907002,
      "rev_date": "2025-12-05T15:54:32Z",
      "scrape_date": "2025-12-07T02:55:09.242165Z",
      "stabilities": [
        "unstable"
      ],
      "unfree": false,
      "version": "22.21.1",
      "outputs_to_install": [
        "out"
      ],
      "outputs": {
        "dev": "/nix/store/bkir3agnj2cvpx80a0z1lj50pg2dhddi-nodejs-22.21.1-dev",
        "libv8": "/nix/store/ivbmw7d10pxzkrz5397bimhqwwlrc8gp-nodejs-22.21.1-libv8",
        "out": "/nix/store/92igwjsd6av0pg8dvygirhdwahwq2sh7-nodejs-22.21.1"
      },
      "system": "aarch64-darwin",
      "group": "toplevel",
      "priority": 5
    },
    {
      "attr_path": "nodejs",
      "broken": false,
      "derivation": "/nix/store/07m9qkb2rvy59x90w3hi9nykdxf409x8-nodejs-22.21.1.drv",
      "description": "Event-driven I/O framework for the V8 JavaScript engine",
      "install_id": "nodejs",
      "license": "MIT",
      "locked_url": "https://github.com/flox/nixpkgs?rev=f61125a668a320878494449750330ca58b78c557",
      "name": "nodejs-22.21.1",
      "pname": "nodejs",
      "rev": "f61125a668a320878494449750330ca58b78c557",
      "rev_count": 907002,
      "rev_date": "2025-12-05T15:54:32Z",
      "scrape_date": "2025-12-07T03:05:00.838108Z",
      "stabilities": [
        "unstable"
      ],
      "unfree": false,
      "version": "22.21.1",
      "outputs_to_install": [
        "out"
      ],
      "outputs": {
        "dev": "/nix/store/1akvaqvrp0cf6pd7mkqy7m3gnzc3wfd7-nodejs-22.21.1-dev",
        "libv8": "/nix/store/ykj9hi9qv7gwxnbg2vh6ca00w9zsbhm0-nodejs-22.21.1-libv8",
        "out": "/nix/store/hps7k16bd9isj7pfsjzg7q0wgvrw47kn-nodejs-22.21.1"
      },
      "system": "aarch64-linux",
      "group": "toplevel",
      "priority": 5
    },
    {
      "attr_path": "nodejs",
      "broken": false,
      "derivation": "/nix/store/j1fpqmshmrxx52k2xqqrv5c718y6sjih-nodejs-22.21.1.drv",
      "description": "Event-driven I/O framework for the V8 JavaScript engine",
      "install_id": "nodejs",
      "license": "MIT",
      "locked_url": "https://github.com/flox/nixpkgs?rev=f61125a668a320878494449750330ca58b78c557",
      "name": "nodejs-22.21.1",
      "pname": "nodejs",
      "rev": "f61125a668a320878494449750330ca58b78c557",
      "rev_count": 907002,
      "rev_date": "2025-12-05T15:54:32Z",
      "scrape_date": "2025-12-07T03:15:07.364263Z",
      "stabilities": [
        "unstable"
      ],
      "unfree": false,
      "version": "22.21.1",
      "outputs_to_install": [
        "out"
      ],
      "outputs": {
        "dev": "/nix/store/haa4773lz7wfhnql05181azh4z5141r7-nodejs-22.21.1-dev",
        "libv8": "/nix/store/0pswqdxlx8y0v54gq0ixwps19agv6bds-nodejs-22.21.1-libv8",
        "out": "/nix/store/wfjyiwara336j7r1v0ia3kib8779wzwf-nodejs-22.21.1"
      },
      "system": "x86_64-darwin",
      "group": "toplevel",
      "priority": 5
    },
    {
      "attr_path": "nodejs",
      "broken": false,
      "derivation": "/nix/store/wjimqspfnxjp5y11703a1rz75cbvj4ph-nodejs-22.21.1.drv",
      "description": "Event-driven I/O framework for the V8 JavaScript engine",
      "install_id": "nodejs",
      "license": "MIT",
      "locked_url": "https://github.com/flox/nixpkgs?rev=f61125a668a320878494449750330ca58b78c557",
      "name": "nodejs-22.21.1",
      "pname": "nodejs",
      "rev": "f61125a668a320878494449750330ca58b78c557",
      "rev_count": 907002,
      "rev_date": "2025-12-05T15:54:32Z",
      "scrape_date": "2025-12-07T03:24:38.027494Z",
      "stabilities": [
        "unstable"
      ],
      "unfree": false,
      "version": "22.21.1",
      "outputs_to_install": [
        "out"
      ],
      "outputs": {
        "dev": "/nix/store/l1idqv7ff0m2kbcqnn1yr415wyga1wxf-nodejs-22.21.1-dev",
        "libv8": "/nix/store/farc7vk89kr367hsx0qchmahf6i6sbk1-nodejs-22.21.1-libv8",
        "out": "/nix/store/l85fis49agvp5q1ild1rfh4rrgmn92sr-nodejs-22.21.1"
      },
      "system": "x86_64-linux",
      "group": "toplevel",
      "priority": 5
    }
  ]
}