{
  "lockfile-version": 1,
  "manifest": {
    "version": 1,
    "install": {
      "bun": {
        "pkg-path": "bun"
      },
      "nodejs": {
        "pkg-path": "nodejs"
      }
    },
    "hook": {},
    "profile": {},
    "options": {}
  },
  "packages": [
    {
      "attr_path": "bun",
      "broken": false,
      "derivation": "/nix/store/0vnhw53r6acsimj9smysy22l0413napj-bun-1.3.2.drv",
      "description": "Incredibly fast JavaScript runtime, bundler, transpiler and package manager – all in one",
      "install_id": "bun",
      "license": "[ MIT, LGPL-2.1-only ]",
      "locked_url": "https://github.com/flox/nixpkgs?rev=c5ae371f1a6a7fd27823bc500d9390b38c05fa55",
      "name": "bun-1.3.2",
      "pname": "bun",
      "rev": "c5ae371f1a6a7fd27823bc500d9390b38c05fa55",
      "rev_count": 895122,
      "rev_date": "2025-11-12T20:02:36Z",
      "scrape_date": "2025-11-14T16:41:15.519353Z",
      "stabilities": [
        "staging",
        "unstable"
      ],
      "unfree": false,
      "version": "1.3.2",
      "outputs_to_install": [
        "out"
      ],
      "outputs": {
        "out": "/nix/store/dyy49z0qfabsidnbmm4bfygvl2lccd0g-bun-1.3.2"
      },
      "system": "aarch64-darwin",
      "group": "toplevel",
      "priority": 5
    },
    {
      "attr_path": "bun",
      "broken": false,
      "derivation": "/nix/store/cjwcjgn3a2bg4brcqbk1p6ddq6bbbk9d-bun-1.3.2.drv",
      "description": "Incredibly fast JavaScript runtime, bundler, transpiler and package manager – all in one",
      "install_id": "bun",
      "license": "[ MIT, LGPL-2.1-only ]",
      "locked_url": "https://github.com/flox/nixpkgs?rev=c5ae371f1a6a7fd27823bc500d9390b38c05fa55",
      "name": "bun-1.3.2",
      "pname": "bun",
      "rev": "c5ae371f1a6a7fd27823bc500d9390b38c05fa55",
      "rev_count": 895122,
      "rev_date": "2025-11-12T20:02:36Z",
      "scrape_date": "2025-11-14T17:18:25.509847Z",
      "stabilities": [
        "staging",
        "unstable"
      ],
      "unfree": false,
      "version": "1.3.2",
      "outputs_to_install": [
        "out"
      ],
      "outputs": {
        "out": "/nix/store/sgr46p90ijs2q6ypchfj429c1mv6ndlb-bun-1.3.2"
      },
      "system": "aarch64-linux",
      "group": "toplevel",
      "priority": 5
    },
    {
      "attr_path": "bun",
      "broken": false,
      "derivation": "/nix/store/4swijg404yz3v8g06xin6a4vp4x278z2-bun-1.3.2.drv",
      "description": "Incredibly fast JavaScript runtime, bundler, transpiler and package manager – all in one",
      "install_id": "bun",
      "license": "[ MIT, LGPL-2.1-only ]",
      "locked_url": "https://github.com/flox/nixpkgs?rev=c5ae371f1a6a7fd27823bc500d9390b38c05fa55",
      "name": "bun-1.3.2",
      "pname": "bun",
      "rev": "c5ae371f1a6a7fd27823bc500d9390b38c05fa55",
      "rev_count": 895122,
      "rev_date": "2025-11-12T20:02:36Z",
      "scrape_date": "2025-11-14T17:52:16.769367Z",
      "stabilities": [
        "staging",
        "unstable"
      ],
      "unfree": false,
      "version": "1.3.2",
      "outputs_to_install": [
        "out"
      ],
      "outputs": {
        "out": "/nix/store/qvyw8a6f5jw652aaj3rl1gf793f3f5nf-bun-1.3.2"
      },
      "system": "x86_64-darwin",
      "group": "toplevel",
      "priority": 5
    },
    {
      "attr_path": "bun",
      "broken": false,
      "derivation": "/nix/store/0zv7ivg4a1sg6gdcq921vsmbdkakadvh-bun-1.3.2.drv",
      "description": "Incredibly fast JavaScript runtime, bundler, transpiler and package manager – all in one",
      "install_id": "bun",
      "license": "[ MIT, LGPL-2.1-only ]",
      "locked_url": "https://github.com/flox/nixpkgs?rev=c5ae371f1a6a7fd27823bc500d9390b38c05fa55",
      "name": "bun-1.3.2",
      "pname": "bun",
      "rev": "c5ae371f1a6a7fd27823bc500d9390b38c05fa55",
      "rev_count": 895122,
      "rev_date": "2025-11-12T20:02:36Z",
      "scrape_date": "2025-11-14T18:31:36.804150Z",
      "stabilities": [
        "staging",
        "unstable"
      ],
      "unfree": false,
      "version": "1.3.2",
      "outputs_to_install": [
        "out"
      ],
      "outputs": {
        "out": "/nix/store/3bmw7w9cckff6rs4rmpxkcb5h5z9sf02-bun-1.3.2"
      },
      "system": "x86_64-linux",
      "group": "toplevel",
      "priority": 5
    },
    {
      "attr_path": "nodejs",
      "broken": false,
      "derivation": "/nix/store/93cj1w7ydhz8ckrn3s0b37zcv0pbia6f-nodejs-22.21.1.drv",
      "description": "Event-driven I/O framework for the V8 JavaScript engine",
      "install_id": "nodejs",
      "license": "MIT",
      "locked_url": "https://github.com/flox/nixpkgs?rev=c5ae371f1a6a7fd27823bc500d9390b38c05fa55",
      "name": "nodejs-22.21.1",
      "pname": "nodejs",
      "rev": "c5ae371f1a6a7fd27823bc500d9390b38c05fa55",
      "rev_count": 895122,
      "rev_date": "2025-11-12T20:02:36Z",
      "scrape_date": "2025-11-14T16:41:38.705437Z",
      "stabilities": [
        "staging",
        "unstable"
      ],
      "unfree": false,
      "version": "22.21.1",
      "outputs_to_install": [
        "out"
      ],
      "outputs": {
        "dev": "/nix/store/hpfdffjb9p086asq1hgv235sz90bynri-nodejs-22.21.1-dev",
        "libv8": "/nix/store/imfna1m7xj0q1rr35l8aqad93y8hhnsb-nodejs-22.21.1-libv8",
        "out": "/nix/store/icgwxxfs13q1y864dd9ln86scp5659mw-nodejs-22.21.1"
      },
      "system": "aarch64-darwin",
      "group": "toplevel",
      "priority": 5
    },
    {
      "attr_path": "nodejs",
      "broken": false,
      "derivation": "/nix/store/6p2fd447igb9b3sbazphzsx0721q4q45-nodejs-22.21.1.drv",
      "description": "Event-driven I/O framework for the V8 JavaScript engine",
      "install_id": "nodejs",
      "license": "MIT",
      "locked_url": "https://github.com/flox/nixpkgs?rev=c5ae371f1a6a7fd27823bc500d9390b38c05fa55",
      "name": "nodejs-22.21.1",
      "pname": "nodejs",
      "rev": "c5ae371f1a6a7fd27823bc500d9390b38c05fa55",
      "rev_count": 895122,
      "rev_date": "2025-11-12T20:02:36Z",
      "scrape_date": "2025-11-14T17:19:02.366071Z",
      "stabilities": [
        "staging",
        "unstable"
      ],
      "unfree": false,
      "version": "22.21.1",
      "outputs_to_install": [
        "out"
      ],
      "outputs": {
        "dev": "/nix/store/343wn58m93zq3m82kn4g8nzida40m6zy-nodejs-22.21.1-dev",
        "libv8": "/nix/store/0vxmmjcw3kja0b0w58vx26znyf33dkh7-nodejs-22.21.1-libv8",
        "out": "/nix/store/9b428w9j0hjps917a083s0r72dxbif7h-nodejs-22.21.1"
      },
      "system": "aarch64-linux",
      "group": "toplevel",
      "priority": 5
    },
    {
      "attr_path": "nodejs",
      "broken": false,
      "derivation": "/nix/store/lm776ggnxirfndq3px4fbzsm7257ax9y-nodejs-22.21.1.drv",
      "description": "Event-driven I/O framework for the V8 JavaScript engine",
      "install_id": "nodejs",
      "license": "MIT",
      "locked_url": "https://github.com/flox/nixpkgs?rev=c5ae371f1a6a7fd27823bc500d9390b38c05fa55",
      "name": "nodejs-22.21.1",
      "pname": "nodejs",
      "rev": "c5ae371f1a6a7fd27823bc500d9390b38c05fa55",
      "rev_count": 895122,
      "rev_date": "2025-11-12T20:02:36Z",
      "scrape_date": "2025-11-14T17:52:39.381928Z",
      "stabilities": [
        "staging",
        "unstable"
      ],
      "unfree": false,
      "version": "22.21.1",
      "outputs_to_install": [
        "out"
      ],
      "outputs": {
        "dev": "/nix/store/mvc3fvfn3pjncwxyi7hzqznznpkyl4xz-nodejs-22.21.1-dev",
        "libv8": "/nix/store/knw783mlgj59nxblzmgijb7imx78vd38-nodejs-22.21.1-libv8",
        "out": "/nix/store/q25l18bdmlnpxprrfwmka60vsjfnvjym-nodejs-22.21.1"
      },
      "system": "x86_64-darwin",
      "group": "toplevel",
      "priority": 5
    },
    {
      "attr_path": "nodejs",
      "broken": false,
      "derivation": "/nix/store/hh3hwm18sabcm72blv8qlc49pa2v5yzv-nodejs-22.21.1.drv",
      "description": "Event-driven I/O framework for the V8 JavaScript engine",
      "install_id": "nodejs",
      "license": "MIT",
      "locked_url": "https://github.com/flox/nixpkgs?rev=c5ae371f1a6a7fd27823bc500d9390b38c05fa55",
      "name": "nodejs-22.21.1",
      "pname": "nodejs",
      "rev": "c5ae371f1a6a7fd27823bc500d9390b38c05fa55",
      "rev_count": 895122,
      "rev_date": "2025-11-12T20:02:36Z",
      "scrape_date": "2025-11-14T18:32:16.832950Z",
      "stabilities": [
        "staging",
        "unstable"
      ],
      "unfree": false,
      "version": "22.21.1",
      "outputs_to_install": [
        "out"
      ],
      "outputs": {
        "dev": "/nix/store/61w4bgs70fym8zawhmsi9a1jblhr7x6w-nodejs-22.21.1-dev",
        "libv8": "/nix/store/2khjr21kaaaivpd6rmqcd51nln1x5d03-nodejs-22.21.1-libv8",
        "out": "/nix/store/fpksy87c7p8b0bp2s7qlxmn0mnrh392k-nodejs-22.21.1"
      },
      "system": "x86_64-linux",
      "group": "toplevel",
      "priority": 5
    }
  ]
}
